// !$*UTF8*$!
{
	archiveVersion = 1;
	classes = {
	};
	objectVersion = 46;
	objects = {

/* Begin PBXBuildFile section */
		D732D6421EBAD17B00102311 /* pokemons.png in Resources */ = {isa = PBXBuildFile; fileRef = D732D6411EBAD17B00102311 /* pokemons.png */; };
		D79B78391EC6E6D800EA8E8B /* background.png in Resources */ = {isa = PBXBuildFile; fileRef = D79B78381EC6E6D800EA8E8B /* background.png */; };
		D7F2D05D1E9DA2EB0010B5FD /* AppDelegate.swift in Sources */ = {isa = PBXBuildFile; fileRef = D7F2D05C1E9DA2EB0010B5FD /* AppDelegate.swift */; };
		D7F2D05F1E9DA2EB0010B5FD /* ViewController.swift in Sources */ = {isa = PBXBuildFile; fileRef = D7F2D05E1E9DA2EB0010B5FD /* ViewController.swift */; };
		D7F2D0641E9DA2EB0010B5FD /* Assets.xcassets in Resources */ = {isa = PBXBuildFile; fileRef = D7F2D0631E9DA2EB0010B5FD /* Assets.xcassets */; };
		D7F2D0671E9DA2EC0010B5FD /* LaunchScreen.storyboard in Resources */ = {isa = PBXBuildFile; fileRef = D7F2D0651E9DA2EC0010B5FD /* LaunchScreen.storyboard */; };
		D7F2D0721E9DA7810010B5FD /* Main.storyboard in Resources */ = {isa = PBXBuildFile; fileRef = D7F2D0701E9DA7810010B5FD /* Main.storyboard */; };
		D7F2D0751EA333FF0010B5FD /* CurrencyModel.swift in Sources */ = {isa = PBXBuildFile; fileRef = D7F2D0741EA333FF0010B5FD /* CurrencyModel.swift */; };
		D7F2D0771EA5F0720010B5FD /* FavoritesViewController.swift in Sources */ = {isa = PBXBuildFile; fileRef = D7F2D0761EA5F0720010B5FD /* FavoritesViewController.swift */; };
/* End PBXBuildFile section */

/* Begin PBXFileReference section */
		D732D6411EBAD17B00102311 /* pokemons.png */ = {isa = PBXFileReference; lastKnownFileType = image.png; name = pokemons.png; path = ../pokemons.png; sourceTree = "<group>"; };
		D79B78381EC6E6D800EA8E8B /* background.png */ = {isa = PBXFileReference; lastKnownFileType = image.png; name = background.png; path = ../background.png; sourceTree = "<group>"; };
		D7F2D0591E9DA2EB0010B5FD /* CurrencyExchange.app */ = {isa = PBXFileReference; explicitFileType = wrapper.application; includeInIndex = 0; path = CurrencyExchange.app; sourceTree = BUILT_PRODUCTS_DIR; };
		D7F2D05C1E9DA2EB0010B5FD /* AppDelegate.swift */ = {isa = PBXFileReference; lastKnownFileType = sourcecode.swift; path = AppDelegate.swift; sourceTree = "<group>"; };
		D7F2D05E1E9DA2EB0010B5FD /* ViewController.swift */ = {isa = PBXFileReference; lastKnownFileType = sourcecode.swift; path = ViewController.swift; sourceTree = "<group>"; };
		D7F2D0631E9DA2EB0010B5FD /* Assets.xcassets */ = {isa = PBXFileReference; lastKnownFileType = folder.assetcatalog; path = Assets.xcassets; sourceTree = "<group>"; };
		D7F2D0661E9DA2EC0010B5FD /* Base */ = {isa = PBXFileReference; lastKnownFileType = file.storyboard; name = Base; path = Base.lproj/LaunchScreen.storyboard; sourceTree = "<group>"; };
		D7F2D0681E9DA2EC0010B5FD /* Info.plist */ = {isa = PBXFileReference; lastKnownFileType = text.plist.xml; path = Info.plist; sourceTree = "<group>"; };
		D7F2D0711E9DA7810010B5FD /* Base */ = {isa = PBXFileReference; lastKnownFileType = file.storyboard; name = Base; path = CurrencyExchange/Base.lproj/Main.storyboard; sourceTree = "<group>"; };
		D7F2D0741EA333FF0010B5FD /* CurrencyModel.swift */ = {isa = PBXFileReference; fileEncoding = 4; lastKnownFileType = sourcecode.swift; name = CurrencyModel.swift; path = ../CurrencyModel.swift; sourceTree = "<group>"; };
		D7F2D0761EA5F0720010B5FD /* FavoritesViewController.swift */ = {isa = PBXFileReference; fileEncoding = 4; lastKnownFileType = sourcecode.swift; name = FavoritesViewController.swift; path = ../FavoritesViewController.swift; sourceTree = "<group>"; };
/* End PBXFileReference section */

/* Begin PBXFrameworksBuildPhase section */
		D7F2D0561E9DA2EB0010B5FD /* Frameworks */ = {
			isa = PBXFrameworksBuildPhase;
			buildActionMask = 2147483647;
			files = (
			);
			runOnlyForDeploymentPostprocessing = 0;
		};
/* End PBXFrameworksBuildPhase section */

/* Begin PBXGroup section */
		D732D63F1EB9B9D000102311 /* ViewControllers */ = {
			isa = PBXGroup;
			children = (
				D7F2D0761EA5F0720010B5FD /* FavoritesViewController.swift */,
				D7F2D05E1E9DA2EB0010B5FD /* ViewController.swift */,
			);
			name = ViewControllers;
			sourceTree = "<group>";
		};
		D732D6401EB9B9F200102311 /* Model */ = {
			isa = PBXGroup;
			children = (
				D7F2D0741EA333FF0010B5FD /* CurrencyModel.swift */,
			);
			name = Model;
			sourceTree = "<group>";
		};
		D7F2D0501E9DA2EB0010B5FD = {
			isa = PBXGroup;
			children = (
				D7F2D05B1E9DA2EB0010B5FD /* CurrencyExchange */,
				D7F2D05A1E9DA2EB0010B5FD /* Products */,
			);
			sourceTree = "<group>";
		};
		D7F2D05A1E9DA2EB0010B5FD /* Products */ = {
			isa = PBXGroup;
			children = (
				D7F2D0591E9DA2EB0010B5FD /* CurrencyExchange.app */,
			);
			name = Products;
			sourceTree = "<group>";
		};
		D7F2D05B1E9DA2EB0010B5FD /* CurrencyExchange */ = {
			isa = PBXGroup;
			children = (
				D732D6401EB9B9F200102311 /* Model */,
				D732D63F1EB9B9D000102311 /* ViewControllers */,
				D7F2D05C1E9DA2EB0010B5FD /* AppDelegate.swift */,
				D79B78381EC6E6D800EA8E8B /* background.png */,
				D732D6411EBAD17B00102311 /* pokemons.png */,
				D7F2D0701E9DA7810010B5FD /* Main.storyboard */,
				D7F2D0631E9DA2EB0010B5FD /* Assets.xcassets */,
				D7F2D0651E9DA2EC0010B5FD /* LaunchScreen.storyboard */,
				D7F2D0681E9DA2EC0010B5FD /* Info.plist */,
			);
			path = CurrencyExchange;
			sourceTree = "<group>";
		};
/* End PBXGroup section */

/* Begin PBXNativeTarget section */
		D7F2D0581E9DA2EB0010B5FD /* CurrencyExchange */ = {
			isa = PBXNativeTarget;
			buildConfigurationList = D7F2D06B1E9DA2EC0010B5FD /* Build configuration list for PBXNativeTarget "CurrencyExchange" */;
			buildPhases = (
				D7F2D0551E9DA2EB0010B5FD /* Sources */,
				D7F2D0561E9DA2EB0010B5FD /* Frameworks */,
				D7F2D0571E9DA2EB0010B5FD /* Resources */,
			);
			buildRules = (
			);
			dependencies = (
			);
			name = CurrencyExchange;
			productName = CurrencyExchange;
			productReference = D7F2D0591E9DA2EB0010B5FD /* CurrencyExchange.app */;
			productType = "com.apple.product-type.application";
		};
/* End PBXNativeTarget section */

/* Begin PBXProject section */
		D7F2D0511E9DA2EB0010B5FD /* Project object */ = {
			isa = PBXProject;
			attributes = {
				LastSwiftUpdateCheck = 0820;
				LastUpgradeCheck = 0820;
				ORGANIZATIONNAME = "Horacio Sanchez";
				TargetAttributes = {
					D7F2D0581E9DA2EB0010B5FD = {
						CreatedOnToolsVersion = 8.2.1;
						ProvisioningStyle = Automatic;
					};
				};
			};
			buildConfigurationList = D7F2D0541E9DA2EB0010B5FD /* Build configuration list for PBXProject "CurrencyExchange" */;
			compatibilityVersion = "Xcode 3.2";
			developmentRegion = English;
			hasScannedForEncodings = 0;
			knownRegions = (
				en,
				Base,
			);
			mainGroup = D7F2D0501E9DA2EB0010B5FD;
			productRefGroup = D7F2D05A1E9DA2EB0010B5FD /* Products */;
			projectDirPath = "";
			projectRoot = "";
			targets = (
				D7F2D0581E9DA2EB0010B5FD /* CurrencyExchange */,
			);
		};
/* End PBXProject section */

/* Begin PBXResourcesBuildPhase section */
		D7F2D0571E9DA2EB0010B5FD /* Resources */ = {
			isa = PBXResourcesBuildPhase;
			buildActionMask = 2147483647;
			files = (
				D7F2D0721E9DA7810010B5FD /* Main.storyboard in Resources */,
				D79B78391EC6E6D800EA8E8B /* background.png in Resources */,
				D7F2D0671E9DA2EC0010B5FD /* LaunchScreen.storyboard in Resources */,
				D7F2D0641E9DA2EB0010B5FD /* Assets.xcassets in Resources */,
				D732D6421EBAD17B00102311 /* pokemons.png in Resources */,
			);
			runOnlyForDeploymentPostprocessing = 0;
		};
/* End PBXResourcesBuildPhase section */

/* Begin PBXSourcesBuildPhase section */
		D7F2D0551E9DA2EB0010B5FD /* Sources */ = {
			isa = PBXSourcesBuildPhase;
			buildActionMask = 2147483647;
			files = (
				D7F2D05F1E9DA2EB0010B5FD /* ViewController.swift in Sources */,
				D7F2D05D1E9DA2EB0010B5FD /* AppDelegate.swift in Sources */,
				D7F2D0771EA5F0720010B5FD /* FavoritesViewController.swift in Sources */,
				D7F2D0751EA333FF0010B5FD /* CurrencyModel.swift in Sources */,
			);
			runOnlyForDeploymentPostprocessing = 0;
		};
/* End PBXSourcesBuildPhase section */

/* Begin PBXVariantGroup section */
		D7F2D0651E9DA2EC0010B5FD /* LaunchScreen.storyboard */ = {
			isa = PBXVariantGroup;
			children = (
				D7F2D0661E9DA2EC0010B5FD /* Base */,
			);
			name = LaunchScreen.storyboard;
			sourceTree = "<group>";
		};
		D7F2D0701E9DA7810010B5FD /* Main.storyboard */ = {
			isa = PBXVariantGroup;
			children = (
				D7F2D0711E9DA7810010B5FD /* Base */,
			);
			name = Main.storyboard;
			path = ..;
			sourceTree = "<group>";
		};
/* End PBXVariantGroup section */

/* Begin XCBuildConfiguration section */
		D7F2D0691E9DA2EC0010B5FD /* Debug */ = {
			isa = XCBuildConfiguration;
			buildSettings = {
				ALWAYS_SEARCH_USER_PATHS = NO;
				CLANG_ANALYZER_NONNULL = YES;
				CLANG_CXX_LANGUAGE_STANDARD = "gnu++0x";
				CLANG_CXX_LIBRARY = "libc++";
				CLANG_ENABLE_MODULES = YES;
				CLANG_ENABLE_OBJC_ARC = YES;
				CLANG_WARN_BOOL_CONVERSION = YES;
				CLANG_WARN_CONSTANT_CONVERSION = YES;
				CLANG_WARN_DIRECT_OBJC_ISA_USAGE = YES_ERROR;
				CLANG_WARN_DOCUMENTATION_COMMENTS = YES;
				CLANG_WARN_EMPTY_BODY = YES;
				CLANG_WARN_ENUM_CONVERSION = YES;
				CLANG_WARN_INFINITE_RECURSION = YES;
				CLANG_WARN_INT_CONVERSION = YES;
				CLANG_WARN_OBJC_ROOT_CLASS = YES_ERROR;
				CLANG_WARN_SUSPICIOUS_MOVE = YES;
				CLANG_WARN_UNREACHABLE_CODE = YES;
				CLANG_WARN__DUPLICATE_METHOD_MATCH = YES;
				"CODE_SIGN_IDENTITY[sdk=iphoneos*]" = "iPhone Developer";
				COPY_PHASE_STRIP = NO;
				DEBUG_INFORMATION_FORMAT = dwarf;
				ENABLE_STRICT_OBJC_MSGSEND = YES;
				ENABLE_TESTABILITY = YES;
				GCC_C_LANGUAGE_STANDARD = gnu99;
				GCC_DYNAMIC_NO_PIC = NO;
				GCC_NO_COMMON_BLOCKS = YES;
				GCC_OPTIMIZATION_LEVEL = 0;
				GCC_PREPROCESSOR_DEFINITIONS = (
					"DEBUG=1",
					"$(inherited)",
				);
				GCC_WARN_64_TO_32_BIT_CONVERSION = YES;
				GCC_WARN_ABOUT_RETURN_TYPE = YES_ERROR;
				GCC_WARN_UNDECLARED_SELECTOR = YES;
				GCC_WARN_UNINITIALIZED_AUTOS = YES_AGGRESSIVE;
				GCC_WARN_UNUSED_FUNCTION = YES;
				GCC_WARN_UNUSED_VARIABLE = YES;
				IPHONEOS_DEPLOYMENT_TARGET = 10.2;
				MTL_ENABLE_DEBUG_INFO = YES;
				ONLY_ACTIVE_ARCH = YES;
				SDKROOT = iphoneos;
				SWIFT_ACTIVE_COMPILATION_CONDITIONS = DEBUG;
				SWIFT_OPTIMIZATION_LEVEL = "-Onone";
				TARGETED_DEVICE_FAMILY = "1,2";
			};
			name = Debug;
		};
		D7F2D06A1E9DA2EC0010B5FD /* Release */ = {
			isa = XCBuildConfiguration;
			buildSettings = {
				ALWAYS_SEARCH_USER_PATHS = NO;
				CLANG_ANALYZER_NONNULL = YES;
				CLANG_CXX_LANGUAGE_STANDARD = "gnu++0x";
				CLANG_CXX_LIBRARY = "libc++";
				CLANG_ENABLE_MODULES = YES;
				CLANG_ENABLE_OBJC_ARC = YES;
				CLANG_WARN_BOOL_CONVERSION = YES;
				CLANG_WARN_CONSTANT_CONVERSION = YES;
				CLANG_WARN_DIRECT_OBJC_ISA_USAGE = YES_ERROR;
				CLANG_WARN_DOCUMENTATION_COMMENTS = YES;
				CLANG_WARN_EMPTY_BODY = YES;
				CLANG_WARN_ENUM_CONVERSION = YES;
				CLANG_WARN_INFINITE_RECURSION = YES;
				CLANG_WARN_INT_CONVERSION = YES;
				CLANG_WARN_OBJC_ROOT_CLASS = YES_ERROR;
				CLANG_WARN_SUSPICIOUS_MOVE = YES;
				CLANG_WARN_UNREACHABLE_CODE = YES;
				CLANG_WARN__DUPLICATE_METHOD_MATCH = YES;
				"CODE_SIGN_IDENTITY[sdk=iphoneos*]" = "iPhone Developer";
				COPY_PHASE_STRIP = NO;
				DEBUG_INFORMATION_FORMAT = "dwarf-with-dsym";
				ENABLE_NS_ASSERTIONS = NO;
				ENABLE_STRICT_OBJC_MSGSEND = YES;
				GCC_C_LANGUAGE_STANDARD = gnu99;
				GCC_NO_COMMON_BLOCKS = YES;
				GCC_WARN_64_TO_32_BIT_CONVERSION = YES;
				GCC_WARN_ABOUT_RETURN_TYPE = YES_ERROR;
				GCC_WARN_UNDECLARED_SELECTOR = YES;
				GCC_WARN_UNINITIALIZED_AUTOS = YES_AGGRESSIVE;
				GCC_WARN_UNUSED_FUNCTION = YES;
				GCC_WARN_UNUSED_VARIABLE = YES;
				IPHONEOS_DEPLOYMENT_TARGET = 10.2;
				MTL_ENABLE_DEBUG_INFO = NO;
				SDKROOT = iphoneos;
				SWIFT_OPTIMIZATION_LEVEL = "-Owholemodule";
				TARGETED_DEVICE_FAMILY = "1,2";
				VALIDATE_PRODUCT = YES;
			};
			name = Release;
		};
		D7F2D06C1E9DA2EC0010B5FD /* Debug */ = {
			isa = XCBuildConfiguration;
			buildSettings = {
				ASSETCATALOG_COMPILER_APPICON_NAME = AppIcon;
				ASSETCATALOG_COMPILER_LAUNCHIMAGE_NAME = LaunchImage;
				INFOPLIST_FILE = CurrencyExchange/Info.plist;
				LD_RUNPATH_SEARCH_PATHS = "$(inherited) @executable_path/Frameworks";
				PRODUCT_BUNDLE_IDENTIFIER = HS.CurrencyExchange;
				PRODUCT_NAME = "$(TARGET_NAME)";
				SWIFT_VERSION = 3.0;
			};
			name = Debug;
		};
		D7F2D06D1E9DA2EC0010B5FD /* Release */ = {
			isa = XCBuildConfiguration;
			buildSettings = {
				ASSETCATALOG_COMPILER_APPICON_NAME = AppIcon;
				ASSETCATALOG_COMPILER_LAUNCHIMAGE_NAME = LaunchImage;
				INFOPLIST_FILE = CurrencyExchange/Info.plist;
				LD_RUNPATH_SEARCH_PATHS = "$(inherited) @executable_path/Frameworks";
				PRODUCT_BUNDLE_IDENTIFIER = HS.CurrencyExchange;
				PRODUCT_NAME = "$(TARGET_NAME)";
				SWIFT_VERSION = 3.0;
			};
			name = Release;
		};
/* End XCBuildConfiguration section */

/* Begin XCConfigurationList section */
		D7F2D0541E9DA2EB0010B5FD /* Build configuration list for PBXProject "CurrencyExchange" */ = {
			isa = XCConfigurationList;
			buildConfigurations = (
				D7F2D0691E9DA2EC0010B5FD /* Debug */,
				D7F2D06A1E9DA2EC0010B5FD /* Release */,
			);
			defaultConfigurationIsVisible = 0;
			defaultConfigurationName = Release;
		};
		D7F2D06B1E9DA2EC0010B5FD /* Build configuration list for PBXNativeTarget "CurrencyExchange" */ = {
			isa = XCConfigurationList;
			buildConfigurations = (
				D7F2D06C1E9DA2EC0010B5FD /* Debug */,
				D7F2D06D1E9DA2EC0010B5FD /* Release */,
			);
			defaultConfigurationIsVisible = 0;
			defaultConfigurationName = Release;
		};
/* End XCConfigurationList section */
	};
	rootObject = D7F2D0511E9DA2EB0010B5FD /* Project object */;
}
